
Microsoft Visual Studio Solution File, Format Version 12.00
# Visual Studio Version 16
VisualStudioVersion = 16.0.33927.289
MinimumVisualStudioVersion = 10.0.40219.1
Project("{2150E333-8FDC-42A3-9474-1A3956D46DE8}") = "Task0", "Task0", "{B8D6CAD9-7FCF-4E68-BE02-6CEF3678890B}"
EndProject
Project("{FAE04EC0-301F-11D3-BF4B-00C04F79EFBC}") = "Tyuiu.BrukhovAA.Sprint2.Task0.V4", "Tyuiu.BrukhovAA.Sprint2.Task0.V4\Tyuiu.BrukhovAA.Sprint2.Task0.V4.csproj", "{58AA686A-D501-43AE-8E15-E602C008E8AE}"
EndProject
Project("{FAE04EC0-301F-11D3-BF4B-00C04F79EFBC}") = "Tyuiu.BrukhovAA.Sprint2.Task0.V4.Lib", "Tyuiu.BrukhovAA.Sprint2.Task0.V4.Lib\Tyuiu.BrukhovAA.Sprint2.Task0.V4.Lib.csproj", "{CBB497D8-764B-4B16-A1E4-CB7D8AF91967}"
EndProject
Project("{FAE04EC0-301F-11D3-BF4B-00C04F79EFBC}") = "Tyuiu.BrukhovAA.Sprint2.Task0.V4.Test", "Tyuiu.BrukhovAA.Sprint2.Task0.V4.Test\Tyuiu.BrukhovAA.Sprint2.Task0.V4.Test.csproj", "{2AC1177A-51A2-44E6-9A05-7A837EBEE278}"
EndProject
Global
	GlobalSection(SolutionConfigurationPlatforms) = preSolution
		Debug|Any CPU = Debug|Any CPU
		Release|Any CPU = Release|Any CPU
	EndGlobalSection
	GlobalSection(ProjectConfigurationPlatforms) = postSolution
		{58AA686A-D501-43AE-8E15-E602C008E8AE}.Debug|Any CPU.ActiveCfg = Debug|Any CPU
		{58AA686A-D501-43AE-8E15-E602C008E8AE}.Debug|Any CPU.Build.0 = Debug|Any CPU
		{58AA686A-D501-43AE-8E15-E602C008E8AE}.Release|Any CPU.ActiveCfg = Release|Any CPU
		{58AA686A-D501-43AE-8E15-E602C008E8AE}.Release|Any CPU.Build.0 = Release|Any CPU
		{CBB497D8-764B-4B16-A1E4-CB7D8AF91967}.Debug|Any CPU.ActiveCfg = Debug|Any CPU
		{CBB497D8-764B-4B16-A1E4-CB7D8AF91967}.Debug|Any CPU.Build.0 = Debug|Any CPU
		{CBB497D8-764B-4B16-A1E4-CB7D8AF91967}.Release|Any CPU.ActiveCfg = Release|Any CPU
		{CBB497D8-764B-4B16-A1E4-CB7D8AF91967}.Release|Any CPU.Build.0 = Release|Any CPU
		{2AC1177A-51A2-44E6-9A05-7A837EBEE278}.Debug|Any CPU.ActiveCfg = Debug|Any CPU
		{2AC1177A-51A2-44E6-9A05-7A837EBEE278}.Debug|Any CPU.Build.0 = Debug|Any CPU
		{2AC1177A-51A2-44E6-9A05-7A837EBEE278}.Release|Any CPU.ActiveCfg = Release|Any CPU
		{2AC1177A-51A2-44E6-9A05-7A837EBEE278}.Release|Any CPU.Build.0 = Release|Any CPU
	EndGlobalSection
	GlobalSection(SolutionProperties) = preSolution
		HideSolutionNode = FALSE
	EndGlobalSection
	GlobalSection(NestedProjects) = preSolution
		{58AA686A-D501-43AE-8E15-E602C008E8AE} = {B8D6CAD9-7FCF-4E68-BE02-6CEF3678890B}
		{CBB497D8-764B-4B16-A1E4-CB7D8AF91967} = {B8D6CAD9-7FCF-4E68-BE02-6CEF3678890B}
		{2AC1177A-51A2-44E6-9A05-7A837EBEE278} = {B8D6CAD9-7FCF-4E68-BE02-6CEF3678890B}
	EndGlobalSection
	GlobalSection(ExtensibilityGlobals) = postSolution
		SolutionGuid = {3C791981-3577-4E6F-BEF6-0A1AB282B7D1}
	EndGlobalSection
EndGlobal
