
Microsoft Visual Studio Solution File, Format Version 12.00
# Visual Studio Version 16
VisualStudioVersion = 16.0.33927.289
MinimumVisualStudioVersion = 10.0.40219.1
Project("{2150E333-8FDC-42A3-9474-1A3956D46DE8}") = "Task0", "Task0", "{B8D6CAD9-7FCF-4E68-BE02-6CEF3678890B}"
EndProject
Project("{FAE04EC0-301F-11D3-BF4B-00C04F79EFBC}") = "Tyuiu.BrukhovAA.Sprint2.Task0.V4", "Tyuiu.BrukhovAA.Sprint2.Task0.V4\Tyuiu.BrukhovAA.Sprint2.Task0.V4.csproj", "{58AA686A-D501-43AE-8E15-E602C008E8AE}"
EndProject
Project("{FAE04EC0-301F-11D3-BF4B-00C04F79EFBC}") = "Tyuiu.BrukhovAA.Sprint2.Task0.V4.Lib", "Tyuiu.BrukhovAA.Sprint2.Task0.V4.Lib\Tyuiu.BrukhovAA.Sprint2.Task0.V4.Lib.csproj", "{CBB497D8-764B-4B16-A1E4-CB7D8AF91967}"
EndProject
Project("{FAE04EC0-301F-11D3-BF4B-00C04F79EFBC}") = "Tyuiu.BrukhovAA.Sprint2.Task0.V4.Test", "Tyuiu.BrukhovAA.Sprint2.Task0.V4.Test\Tyuiu.BrukhovAA.Sprint2.Task0.V4.Test.csproj", "{2AC1177A-51A2-44E6-9A05-7A837EBEE278}"
EndProject
Project("{2150E333-8FDC-42A3-9474-1A3956D46DE8}") = "Task1", "Task1", "{21869265-7822-4A8C-A525-65C8DEF01656}"
EndProject
Project("{FAE04EC0-301F-11D3-BF4B-00C04F79EFBC}") = "Tyuiu.BrukhovAA.Sprint2.Task1.V12", "Tyuiu.BrukhovAA.Sprint2.Task1.V12\Tyuiu.BrukhovAA.Sprint2.Task1.V12.csproj", "{755C52EC-B6B7-4237-BC86-49E4650EC208}"
EndProject
Project("{FAE04EC0-301F-11D3-BF4B-00C04F79EFBC}") = "Tyuiu.BrukhovAA.Sprint2.Task1.V12.Lib", "Tyuiu.BrukhovAA.Sprint2.Task1.V12.Lib\Tyuiu.BrukhovAA.Sprint2.Task1.V12.Lib.csproj", "{1BCA2F15-7B99-4D0D-A32B-099C311CFE45}"
EndProject
Project("{FAE04EC0-301F-11D3-BF4B-00C04F79EFBC}") = "Tyuiu.BrukhovAA.Sprint2.Task1.V12.Test", "Tyuiu.BrukhovAA.Sprint2.Task1.V12.Test\Tyuiu.BrukhovAA.Sprint2.Task1.V12.Test.csproj", "{ACD83F50-5724-49D1-8608-05EAAAE52663}"
EndProject
Project("{2150E333-8FDC-42A3-9474-1A3956D46DE8}") = "Task2", "Task2", "{4C9E55BC-6DDA-4D4E-959B-F3883875F533}"
EndProject
Project("{FAE04EC0-301F-11D3-BF4B-00C04F79EFBC}") = "Tyuiu.BrukhovAA.Sprint2.Task2.V25", "Tyuiu.BrukhovAA.Sprint2.Task2.V25\Tyuiu.BrukhovAA.Sprint2.Task2.V25.csproj", "{8431618E-D377-4048-B0CF-AF36CFDC629D}"
EndProject
Project("{FAE04EC0-301F-11D3-BF4B-00C04F79EFBC}") = "Tyuiu.BrukhovAA.Sprint2.Task2.V25.Lib", "Tyuiu.BrukhovAA.Sprint2.Task2.V25.Lib\Tyuiu.BrukhovAA.Sprint2.Task2.V25.Lib.csproj", "{F0A7704C-1105-4FFF-B4D7-F0B909270449}"
EndProject
Project("{FAE04EC0-301F-11D3-BF4B-00C04F79EFBC}") = "Tyuiu.BrukhovAA.Sprint2.Task2.V25.Test", "Tyuiu.BrukhovAA.Sprint2.Task2.V25.Test\Tyuiu.BrukhovAA.Sprint2.Task2.V25.Test.csproj", "{E17ADF92-EED0-4AFA-857A-4F7FD5EB9A87}"
EndProject
Global
	GlobalSection(SolutionConfigurationPlatforms) = preSolution
		Debug|Any CPU = Debug|Any CPU
		Release|Any CPU = Release|Any CPU
	EndGlobalSection
	GlobalSection(ProjectConfigurationPlatforms) = postSolution
		{58AA686A-D501-43AE-8E15-E602C008E8AE}.Debug|Any CPU.ActiveCfg = Debug|Any CPU
		{58AA686A-D501-43AE-8E15-E602C008E8AE}.Debug|Any CPU.Build.0 = Debug|Any CPU
		{58AA686A-D501-43AE-8E15-E602C008E8AE}.Release|Any CPU.ActiveCfg = Release|Any CPU
		{58AA686A-D501-43AE-8E15-E602C008E8AE}.Release|Any CPU.Build.0 = Release|Any CPU
		{CBB497D8-764B-4B16-A1E4-CB7D8AF91967}.Debug|Any CPU.ActiveCfg = Debug|Any CPU
		{CBB497D8-764B-4B16-A1E4-CB7D8AF91967}.Debug|Any CPU.Build.0 = Debug|Any CPU
		{CBB497D8-764B-4B16-A1E4-CB7D8AF91967}.Release|Any CPU.ActiveCfg = Release|Any CPU
		{CBB497D8-764B-4B16-A1E4-CB7D8AF91967}.Release|Any CPU.Build.0 = Release|Any CPU
		{2AC1177A-51A2-44E6-9A05-7A837EBEE278}.Debug|Any CPU.ActiveCfg = Debug|Any CPU
		{2AC1177A-51A2-44E6-9A05-7A837EBEE278}.Debug|Any CPU.Build.0 = Debug|Any CPU
		{2AC1177A-51A2-44E6-9A05-7A837EBEE278}.Release|Any CPU.ActiveCfg = Release|Any CPU
		{2AC1177A-51A2-44E6-9A05-7A837EBEE278}.Release|Any CPU.Build.0 = Release|Any CPU
		{755C52EC-B6B7-4237-BC86-49E4650EC208}.Debug|Any CPU.ActiveCfg = Debug|Any CPU
		{755C52EC-B6B7-4237-BC86-49E4650EC208}.Debug|Any CPU.Build.0 = Debug|Any CPU
		{755C52EC-B6B7-4237-BC86-49E4650EC208}.Release|Any CPU.ActiveCfg = Release|Any CPU
		{755C52EC-B6B7-4237-BC86-49E4650EC208}.Release|Any CPU.Build.0 = Release|Any CPU
		{1BCA2F15-7B99-4D0D-A32B-099C311CFE45}.Debug|Any CPU.ActiveCfg = Debug|Any CPU
		{1BCA2F15-7B99-4D0D-A32B-099C311CFE45}.Debug|Any CPU.Build.0 = Debug|Any CPU
		{1BCA2F15-7B99-4D0D-A32B-099C311CFE45}.Release|Any CPU.ActiveCfg = Release|Any CPU
		{1BCA2F15-7B99-4D0D-A32B-099C311CFE45}.Release|Any CPU.Build.0 = Release|Any CPU
		{ACD83F50-5724-49D1-8608-05EAAAE52663}.Debug|Any CPU.ActiveCfg = Debug|Any CPU
		{ACD83F50-5724-49D1-8608-05EAAAE52663}.Debug|Any CPU.Build.0 = Debug|Any CPU
		{ACD83F50-5724-49D1-8608-05EAAAE52663}.Release|Any CPU.ActiveCfg = Release|Any CPU
		{ACD83F50-5724-49D1-8608-05EAAAE52663}.Release|Any CPU.Build.0 = Release|Any CPU
		{8431618E-D377-4048-B0CF-AF36CFDC629D}.Debug|Any CPU.ActiveCfg = Debug|Any CPU
		{8431618E-D377-4048-B0CF-AF36CFDC629D}.Debug|Any CPU.Build.0 = Debug|Any CPU
		{8431618E-D377-4048-B0CF-AF36CFDC629D}.Release|Any CPU.ActiveCfg = Release|Any CPU
		{8431618E-D377-4048-B0CF-AF36CFDC629D}.Release|Any CPU.Build.0 = Release|Any CPU
		{F0A7704C-1105-4FFF-B4D7-F0B909270449}.Debug|Any CPU.ActiveCfg = Debug|Any CPU
		{F0A7704C-1105-4FFF-B4D7-F0B909270449}.Debug|Any CPU.Build.0 = Debug|Any CPU
		{F0A7704C-1105-4FFF-B4D7-F0B909270449}.Release|Any CPU.ActiveCfg = Release|Any CPU
		{F0A7704C-1105-4FFF-B4D7-F0B909270449}.Release|Any CPU.Build.0 = Release|Any CPU
		{E17ADF92-EED0-4AFA-857A-4F7FD5EB9A87}.Debug|Any CPU.ActiveCfg = Debug|Any CPU
		{E17ADF92-EED0-4AFA-857A-4F7FD5EB9A87}.Debug|Any CPU.Build.0 = Debug|Any CPU
		{E17ADF92-EED0-4AFA-857A-4F7FD5EB9A87}.Release|Any CPU.ActiveCfg = Release|Any CPU
		{E17ADF92-EED0-4AFA-857A-4F7FD5EB9A87}.Release|Any CPU.Build.0 = Release|Any CPU
	EndGlobalSection
	GlobalSection(SolutionProperties) = preSolution
		HideSolutionNode = FALSE
	EndGlobalSection
	GlobalSection(NestedProjects) = preSolution
		{58AA686A-D501-43AE-8E15-E602C008E8AE} = {B8D6CAD9-7FCF-4E68-BE02-6CEF3678890B}
		{CBB497D8-764B-4B16-A1E4-CB7D8AF91967} = {B8D6CAD9-7FCF-4E68-BE02-6CEF3678890B}
		{2AC1177A-51A2-44E6-9A05-7A837EBEE278} = {B8D6CAD9-7FCF-4E68-BE02-6CEF3678890B}
		{755C52EC-B6B7-4237-BC86-49E4650EC208} = {21869265-7822-4A8C-A525-65C8DEF01656}
		{1BCA2F15-7B99-4D0D-A32B-099C311CFE45} = {21869265-7822-4A8C-A525-65C8DEF01656}
		{ACD83F50-5724-49D1-8608-05EAAAE52663} = {21869265-7822-4A8C-A525-65C8DEF01656}
		{8431618E-D377-4048-B0CF-AF36CFDC629D} = {4C9E55BC-6DDA-4D4E-959B-F3883875F533}
		{F0A7704C-1105-4FFF-B4D7-F0B909270449} = {4C9E55BC-6DDA-4D4E-959B-F3883875F533}
		{E17ADF92-EED0-4AFA-857A-4F7FD5EB9A87} = {4C9E55BC-6DDA-4D4E-959B-F3883875F533}
	EndGlobalSection
	GlobalSection(ExtensibilityGlobals) = postSolution
		SolutionGuid = {3C791981-3577-4E6F-BEF6-0A1AB282B7D1}
	EndGlobalSection
EndGlobal
