
Microsoft Visual Studio Solution File, Format Version 12.00
# Visual Studio Version 16
VisualStudioVersion = 16.0.33927.289
MinimumVisualStudioVersion = 10.0.40219.1
Project("{2150E333-8FDC-42A3-9474-1A3956D46DE8}") = "Task0", "Task0", "{B8D6CAD9-7FCF-4E68-BE02-6CEF3678890B}"
EndProject
Project("{FAE04EC0-301F-11D3-BF4B-00C04F79EFBC}") = "Tyuiu.BrukhovAA.Sprint2.Task0.V4", "Tyuiu.BrukhovAA.Sprint2.Task0.V4\Tyuiu.BrukhovAA.Sprint2.Task0.V4.csproj", "{58AA686A-D501-43AE-8E15-E602C008E8AE}"
EndProject
Project("{FAE04EC0-301F-11D3-BF4B-00C04F79EFBC}") = "Tyuiu.BrukhovAA.Sprint2.Task0.V4.Lib", "Tyuiu.BrukhovAA.Sprint2.Task0.V4.Lib\Tyuiu.BrukhovAA.Sprint2.Task0.V4.Lib.csproj", "{CBB497D8-764B-4B16-A1E4-CB7D8AF91967}"
EndProject
Project("{FAE04EC0-301F-11D3-BF4B-00C04F79EFBC}") = "Tyuiu.BrukhovAA.Sprint2.Task0.V4.Test", "Tyuiu.BrukhovAA.Sprint2.Task0.V4.Test\Tyuiu.BrukhovAA.Sprint2.Task0.V4.Test.csproj", "{2AC1177A-51A2-44E6-9A05-7A837EBEE278}"
EndProject
Project("{2150E333-8FDC-42A3-9474-1A3956D46DE8}") = "Task1", "Task1", "{21869265-7822-4A8C-A525-65C8DEF01656}"
EndProject
Project("{FAE04EC0-301F-11D3-BF4B-00C04F79EFBC}") = "Tyuiu.BrukhovAA.Sprint2.Task1.V12", "Tyuiu.BrukhovAA.Sprint2.Task1.V12\Tyuiu.BrukhovAA.Sprint2.Task1.V12.csproj", "{755C52EC-B6B7-4237-BC86-49E4650EC208}"
EndProject
Project("{FAE04EC0-301F-11D3-BF4B-00C04F79EFBC}") = "Tyuiu.BrukhovAA.Sprint2.Task1.V12.Lib", "Tyuiu.BrukhovAA.Sprint2.Task1.V12.Lib\Tyuiu.BrukhovAA.Sprint2.Task1.V12.Lib.csproj", "{1BCA2F15-7B99-4D0D-A32B-099C311CFE45}"
EndProject
Project("{FAE04EC0-301F-11D3-BF4B-00C04F79EFBC}") = "Tyuiu.BrukhovAA.Sprint2.Task1.V12.Test", "Tyuiu.BrukhovAA.Sprint2.Task1.V12.Test\Tyuiu.BrukhovAA.Sprint2.Task1.V12.Test.csproj", "{ACD83F50-5724-49D1-8608-05EAAAE52663}"
EndProject
Project("{2150E333-8FDC-42A3-9474-1A3956D46DE8}") = "Task2", "Task2", "{4C9E55BC-6DDA-4D4E-959B-F3883875F533}"
EndProject
Project("{FAE04EC0-301F-11D3-BF4B-00C04F79EFBC}") = "Tyuiu.BrukhovAA.Sprint2.Task2.V25", "Tyuiu.BrukhovAA.Sprint2.Task2.V25\Tyuiu.BrukhovAA.Sprint2.Task2.V25.csproj", "{8431618E-D377-4048-B0CF-AF36CFDC629D}"
EndProject
Project("{FAE04EC0-301F-11D3-BF4B-00C04F79EFBC}") = "Tyuiu.BrukhovAA.Sprint2.Task2.V25.Lib", "Tyuiu.BrukhovAA.Sprint2.Task2.V25.Lib\Tyuiu.BrukhovAA.Sprint2.Task2.V25.Lib.csproj", "{F0A7704C-1105-4FFF-B4D7-F0B909270449}"
EndProject
Project("{FAE04EC0-301F-11D3-BF4B-00C04F79EFBC}") = "Tyuiu.BrukhovAA.Sprint2.Task2.V25.Test", "Tyuiu.BrukhovAA.Sprint2.Task2.V25.Test\Tyuiu.BrukhovAA.Sprint2.Task2.V25.Test.csproj", "{E17ADF92-EED0-4AFA-857A-4F7FD5EB9A87}"
EndProject
Project("{2150E333-8FDC-42A3-9474-1A3956D46DE8}") = "Task3", "Task3", "{F480B766-E5D4-4652-9A00-E965DD0389E4}"
EndProject
Project("{FAE04EC0-301F-11D3-BF4B-00C04F79EFBC}") = "Tyuiu.BrukhovAA.Sprint2.Task3.V4", "Tyuiu.BrukhovAA.Sprint2.Task3.V4\Tyuiu.BrukhovAA.Sprint2.Task3.V4.csproj", "{A021DC4F-D1D8-4AF9-95F6-4C74BB54A69B}"
EndProject
Project("{FAE04EC0-301F-11D3-BF4B-00C04F79EFBC}") = "Tyuiu.BrukhovAA.Sprint2.Task3.V4.Lib", "Tyuiu.BrukhovAA.Sprint2.Task3.V4.Lib\Tyuiu.BrukhovAA.Sprint2.Task3.V4.Lib.csproj", "{91F6202D-DD4D-4B8A-8550-32EA0967A64A}"
EndProject
Project("{FAE04EC0-301F-11D3-BF4B-00C04F79EFBC}") = "Tyuiu.BrukhovAA.Sprint2.Task3.V4.Test", "Tyuiu.BrukhovAA.Sprint2.Task3.V4.Test\Tyuiu.BrukhovAA.Sprint2.Task3.V4.Test.csproj", "{773D9502-7620-4EF3-945D-A6F3B03067A8}"
EndProject
Project("{2150E333-8FDC-42A3-9474-1A3956D46DE8}") = "Task4", "Task4", "{82D0FE0E-5B9D-4DC8-86F4-5D0B2D12FB21}"
EndProject
Project("{FAE04EC0-301F-11D3-BF4B-00C04F79EFBC}") = "Tyuiu.BrukhovAA.Sprint2.Task4.V25", "Tyuiu.BrukhovAA.Sprint2.Task4.V25\Tyuiu.BrukhovAA.Sprint2.Task4.V25.csproj", "{57CE3D0B-991A-4D79-AFBC-AF85D6C222B0}"
EndProject
Project("{FAE04EC0-301F-11D3-BF4B-00C04F79EFBC}") = "Tyuiu.BrukhovAA.Sprint2.Task4.V25.Lib", "Tyuiu.BrukhovAA.Sprint2.Task4.V25.Lib\Tyuiu.BrukhovAA.Sprint2.Task4.V25.Lib.csproj", "{70A4CF8A-DFEE-4FC0-9020-36A92DB29FE0}"
EndProject
Project("{FAE04EC0-301F-11D3-BF4B-00C04F79EFBC}") = "Tyuiu.BrukhovAA.Sprint2.Task4.V25.Test", "Tyuiu.BrukhovAA.Sprint2.Task4.V25.Test\Tyuiu.BrukhovAA.Sprint2.Task4.V25.Test.csproj", "{65CDA839-3AF1-4AC2-844E-0647E0281CAA}"
EndProject
Project("{2150E333-8FDC-42A3-9474-1A3956D46DE8}") = "Task5", "Task5", "{8359789E-C192-41B3-A3CB-7BD1DAED5730}"
EndProject
Project("{FAE04EC0-301F-11D3-BF4B-00C04F79EFBC}") = "Tyuiu.BrukhovAA.Sprint2.Task5.V3", "Tyuiu.BrukhovAA.Sprint2.Task5.V3\Tyuiu.BrukhovAA.Sprint2.Task5.V3.csproj", "{BB026066-D86D-43A0-A8A0-F5FA7F9BDCB9}"
EndProject
Project("{FAE04EC0-301F-11D3-BF4B-00C04F79EFBC}") = "Tyuiu.BrukhovAA.Sprint2.Task5.V3.Lib", "Tyuiu.BrukhovAA.Sprint2.Task5.V3.Lib\Tyuiu.BrukhovAA.Sprint2.Task5.V3.Lib.csproj", "{0E75115E-E044-4ACE-AF1C-493854CC8FB2}"
EndProject
Project("{FAE04EC0-301F-11D3-BF4B-00C04F79EFBC}") = "Tyuiu.BrukhovAA.Sprint2.Task5.V3.Test", "Tyuiu.BrukhovAA.Sprint2.Task5.V3.Test\Tyuiu.BrukhovAA.Sprint2.Task5.V3.Test.csproj", "{60C7F075-3F43-427F-8277-77F0C83C5B6A}"
EndProject
Project("{2150E333-8FDC-42A3-9474-1A3956D46DE8}") = "Task6", "Task6", "{2E253234-890B-4303-BF58-991F6B7536B1}"
EndProject
Project("{FAE04EC0-301F-11D3-BF4B-00C04F79EFBC}") = "Tyuiu.BrukhovAA.Sprint2.Task6.V5", "Tyuiu.BrukhovAA.Sprint2.Task6.V5\Tyuiu.BrukhovAA.Sprint2.Task6.V5.csproj", "{3D2CA4DD-4CEE-42E4-A852-BA96380446D9}"
EndProject
Project("{FAE04EC0-301F-11D3-BF4B-00C04F79EFBC}") = "Tyuiu.BrukhovAA.Sprint2.Task6.V5.Lib", "Tyuiu.BrukhovAA.Sprint2.Task6.V5.Lib\Tyuiu.BrukhovAA.Sprint2.Task6.V5.Lib.csproj", "{BE8D86A0-DEAE-4710-8F4E-D0F3209C4F9A}"
EndProject
Project("{FAE04EC0-301F-11D3-BF4B-00C04F79EFBC}") = "Tyuiu.BrukhovAA.Sprint2.Task6.V5.Test", "Tyuiu.BrukhovAA.Sprint2.Task6.V5.Test\Tyuiu.BrukhovAA.Sprint2.Task6.V5.Test.csproj", "{A316EA36-E84B-4AEE-8B4D-3EC382B47274}"
EndProject
Project("{2150E333-8FDC-42A3-9474-1A3956D46DE8}") = "Task7", "Task7", "{C46FDD3C-C81F-484B-817E-74921F5DC223}"
EndProject
Project("{FAE04EC0-301F-11D3-BF4B-00C04F79EFBC}") = "Tyuiu.BrukhovAA.Sprint2.Task7.V3", "Tyuiu.BrukhovAA.Sprint2.Task7.V3\Tyuiu.BrukhovAA.Sprint2.Task7.V3.csproj", "{147AD3F6-27B2-499A-BA4E-284174F05A84}"
EndProject
Project("{FAE04EC0-301F-11D3-BF4B-00C04F79EFBC}") = "Tyuiu.BrukhovAA.Sprint2.Task7.V3.Lib", "Tyuiu.BrukhovAA.Sprint2.Task7.V3.Lib\Tyuiu.BrukhovAA.Sprint2.Task7.V3.Lib.csproj", "{2AD7B840-1DAA-4904-8988-2D635A3749E0}"
EndProject
Project("{FAE04EC0-301F-11D3-BF4B-00C04F79EFBC}") = "Tyuiu.BrukhovAA.Sprint2.Task7.V3.Test", "Tyuiu.BrukhovAA.Sprint2.Task7.V3.Test\Tyuiu.BrukhovAA.Sprint2.Task7.V3.Test.csproj", "{701A39B6-4C1D-4C7F-9EC2-33E5E1A0A3D3}"
EndProject
Global
	GlobalSection(SolutionConfigurationPlatforms) = preSolution
		Debug|Any CPU = Debug|Any CPU
		Release|Any CPU = Release|Any CPU
	EndGlobalSection
	GlobalSection(ProjectConfigurationPlatforms) = postSolution
		{58AA686A-D501-43AE-8E15-E602C008E8AE}.Debug|Any CPU.ActiveCfg = Debug|Any CPU
		{58AA686A-D501-43AE-8E15-E602C008E8AE}.Debug|Any CPU.Build.0 = Debug|Any CPU
		{58AA686A-D501-43AE-8E15-E602C008E8AE}.Release|Any CPU.ActiveCfg = Release|Any CPU
		{58AA686A-D501-43AE-8E15-E602C008E8AE}.Release|Any CPU.Build.0 = Release|Any CPU
		{CBB497D8-764B-4B16-A1E4-CB7D8AF91967}.Debug|Any CPU.ActiveCfg = Debug|Any CPU
		{CBB497D8-764B-4B16-A1E4-CB7D8AF91967}.Debug|Any CPU.Build.0 = Debug|Any CPU
		{CBB497D8-764B-4B16-A1E4-CB7D8AF91967}.Release|Any CPU.ActiveCfg = Release|Any CPU
		{CBB497D8-764B-4B16-A1E4-CB7D8AF91967}.Release|Any CPU.Build.0 = Release|Any CPU
		{2AC1177A-51A2-44E6-9A05-7A837EBEE278}.Debug|Any CPU.ActiveCfg = Debug|Any CPU
		{2AC1177A-51A2-44E6-9A05-7A837EBEE278}.Debug|Any CPU.Build.0 = Debug|Any CPU
		{2AC1177A-51A2-44E6-9A05-7A837EBEE278}.Release|Any CPU.ActiveCfg = Release|Any CPU
		{2AC1177A-51A2-44E6-9A05-7A837EBEE278}.Release|Any CPU.Build.0 = Release|Any CPU
		{755C52EC-B6B7-4237-BC86-49E4650EC208}.Debug|Any CPU.ActiveCfg = Debug|Any CPU
		{755C52EC-B6B7-4237-BC86-49E4650EC208}.Debug|Any CPU.Build.0 = Debug|Any CPU
		{755C52EC-B6B7-4237-BC86-49E4650EC208}.Release|Any CPU.ActiveCfg = Release|Any CPU
		{755C52EC-B6B7-4237-BC86-49E4650EC208}.Release|Any CPU.Build.0 = Release|Any CPU
		{1BCA2F15-7B99-4D0D-A32B-099C311CFE45}.Debug|Any CPU.ActiveCfg = Debug|Any CPU
		{1BCA2F15-7B99-4D0D-A32B-099C311CFE45}.Debug|Any CPU.Build.0 = Debug|Any CPU
		{1BCA2F15-7B99-4D0D-A32B-099C311CFE45}.Release|Any CPU.ActiveCfg = Release|Any CPU
		{1BCA2F15-7B99-4D0D-A32B-099C311CFE45}.Release|Any CPU.Build.0 = Release|Any CPU
		{ACD83F50-5724-49D1-8608-05EAAAE52663}.Debug|Any CPU.ActiveCfg = Debug|Any CPU
		{ACD83F50-5724-49D1-8608-05EAAAE52663}.Debug|Any CPU.Build.0 = Debug|Any CPU
		{ACD83F50-5724-49D1-8608-05EAAAE52663}.Release|Any CPU.ActiveCfg = Release|Any CPU
		{ACD83F50-5724-49D1-8608-05EAAAE52663}.Release|Any CPU.Build.0 = Release|Any CPU
		{8431618E-D377-4048-B0CF-AF36CFDC629D}.Debug|Any CPU.ActiveCfg = Debug|Any CPU
		{8431618E-D377-4048-B0CF-AF36CFDC629D}.Debug|Any CPU.Build.0 = Debug|Any CPU
		{8431618E-D377-4048-B0CF-AF36CFDC629D}.Release|Any CPU.ActiveCfg = Release|Any CPU
		{8431618E-D377-4048-B0CF-AF36CFDC629D}.Release|Any CPU.Build.0 = Release|Any CPU
		{F0A7704C-1105-4FFF-B4D7-F0B909270449}.Debug|Any CPU.ActiveCfg = Debug|Any CPU
		{F0A7704C-1105-4FFF-B4D7-F0B909270449}.Debug|Any CPU.Build.0 = Debug|Any CPU
		{F0A7704C-1105-4FFF-B4D7-F0B909270449}.Release|Any CPU.ActiveCfg = Release|Any CPU
		{F0A7704C-1105-4FFF-B4D7-F0B909270449}.Release|Any CPU.Build.0 = Release|Any CPU
		{E17ADF92-EED0-4AFA-857A-4F7FD5EB9A87}.Debug|Any CPU.ActiveCfg = Debug|Any CPU
		{E17ADF92-EED0-4AFA-857A-4F7FD5EB9A87}.Debug|Any CPU.Build.0 = Debug|Any CPU
		{E17ADF92-EED0-4AFA-857A-4F7FD5EB9A87}.Release|Any CPU.ActiveCfg = Release|Any CPU
		{E17ADF92-EED0-4AFA-857A-4F7FD5EB9A87}.Release|Any CPU.Build.0 = Release|Any CPU
		{A021DC4F-D1D8-4AF9-95F6-4C74BB54A69B}.Debug|Any CPU.ActiveCfg = Debug|Any CPU
		{A021DC4F-D1D8-4AF9-95F6-4C74BB54A69B}.Debug|Any CPU.Build.0 = Debug|Any CPU
		{A021DC4F-D1D8-4AF9-95F6-4C74BB54A69B}.Release|Any CPU.ActiveCfg = Release|Any CPU
		{A021DC4F-D1D8-4AF9-95F6-4C74BB54A69B}.Release|Any CPU.Build.0 = Release|Any CPU
		{91F6202D-DD4D-4B8A-8550-32EA0967A64A}.Debug|Any CPU.ActiveCfg = Debug|Any CPU
		{91F6202D-DD4D-4B8A-8550-32EA0967A64A}.Debug|Any CPU.Build.0 = Debug|Any CPU
		{91F6202D-DD4D-4B8A-8550-32EA0967A64A}.Release|Any CPU.ActiveCfg = Release|Any CPU
		{91F6202D-DD4D-4B8A-8550-32EA0967A64A}.Release|Any CPU.Build.0 = Release|Any CPU
		{773D9502-7620-4EF3-945D-A6F3B03067A8}.Debug|Any CPU.ActiveCfg = Debug|Any CPU
		{773D9502-7620-4EF3-945D-A6F3B03067A8}.Debug|Any CPU.Build.0 = Debug|Any CPU
		{773D9502-7620-4EF3-945D-A6F3B03067A8}.Release|Any CPU.ActiveCfg = Release|Any CPU
		{773D9502-7620-4EF3-945D-A6F3B03067A8}.Release|Any CPU.Build.0 = Release|Any CPU
		{57CE3D0B-991A-4D79-AFBC-AF85D6C222B0}.Debug|Any CPU.ActiveCfg = Debug|Any CPU
		{57CE3D0B-991A-4D79-AFBC-AF85D6C222B0}.Debug|Any CPU.Build.0 = Debug|Any CPU
		{57CE3D0B-991A-4D79-AFBC-AF85D6C222B0}.Release|Any CPU.ActiveCfg = Release|Any CPU
		{57CE3D0B-991A-4D79-AFBC-AF85D6C222B0}.Release|Any CPU.Build.0 = Release|Any CPU
		{70A4CF8A-DFEE-4FC0-9020-36A92DB29FE0}.Debug|Any CPU.ActiveCfg = Debug|Any CPU
		{70A4CF8A-DFEE-4FC0-9020-36A92DB29FE0}.Debug|Any CPU.Build.0 = Debug|Any CPU
		{70A4CF8A-DFEE-4FC0-9020-36A92DB29FE0}.Release|Any CPU.ActiveCfg = Release|Any CPU
		{70A4CF8A-DFEE-4FC0-9020-36A92DB29FE0}.Release|Any CPU.Build.0 = Release|Any CPU
		{65CDA839-3AF1-4AC2-844E-0647E0281CAA}.Debug|Any CPU.ActiveCfg = Debug|Any CPU
		{65CDA839-3AF1-4AC2-844E-0647E0281CAA}.Debug|Any CPU.Build.0 = Debug|Any CPU
		{65CDA839-3AF1-4AC2-844E-0647E0281CAA}.Release|Any CPU.ActiveCfg = Release|Any CPU
		{65CDA839-3AF1-4AC2-844E-0647E0281CAA}.Release|Any CPU.Build.0 = Release|Any CPU
		{BB026066-D86D-43A0-A8A0-F5FA7F9BDCB9}.Debug|Any CPU.ActiveCfg = Debug|Any CPU
		{BB026066-D86D-43A0-A8A0-F5FA7F9BDCB9}.Debug|Any CPU.Build.0 = Debug|Any CPU
		{BB026066-D86D-43A0-A8A0-F5FA7F9BDCB9}.Release|Any CPU.ActiveCfg = Release|Any CPU
		{BB026066-D86D-43A0-A8A0-F5FA7F9BDCB9}.Release|Any CPU.Build.0 = Release|Any CPU
		{0E75115E-E044-4ACE-AF1C-493854CC8FB2}.Debug|Any CPU.ActiveCfg = Debug|Any CPU
		{0E75115E-E044-4ACE-AF1C-493854CC8FB2}.Debug|Any CPU.Build.0 = Debug|Any CPU
		{0E75115E-E044-4ACE-AF1C-493854CC8FB2}.Release|Any CPU.ActiveCfg = Release|Any CPU
		{0E75115E-E044-4ACE-AF1C-493854CC8FB2}.Release|Any CPU.Build.0 = Release|Any CPU
		{60C7F075-3F43-427F-8277-77F0C83C5B6A}.Debug|Any CPU.ActiveCfg = Debug|Any CPU
		{60C7F075-3F43-427F-8277-77F0C83C5B6A}.Debug|Any CPU.Build.0 = Debug|Any CPU
		{60C7F075-3F43-427F-8277-77F0C83C5B6A}.Release|Any CPU.ActiveCfg = Release|Any CPU
		{60C7F075-3F43-427F-8277-77F0C83C5B6A}.Release|Any CPU.Build.0 = Release|Any CPU
		{3D2CA4DD-4CEE-42E4-A852-BA96380446D9}.Debug|Any CPU.ActiveCfg = Debug|Any CPU
		{3D2CA4DD-4CEE-42E4-A852-BA96380446D9}.Debug|Any CPU.Build.0 = Debug|Any CPU
		{3D2CA4DD-4CEE-42E4-A852-BA96380446D9}.Release|Any CPU.ActiveCfg = Release|Any CPU
		{3D2CA4DD-4CEE-42E4-A852-BA96380446D9}.Release|Any CPU.Build.0 = Release|Any CPU
		{BE8D86A0-DEAE-4710-8F4E-D0F3209C4F9A}.Debug|Any CPU.ActiveCfg = Debug|Any CPU
		{BE8D86A0-DEAE-4710-8F4E-D0F3209C4F9A}.Debug|Any CPU.Build.0 = Debug|Any CPU
		{BE8D86A0-DEAE-4710-8F4E-D0F3209C4F9A}.Release|Any CPU.ActiveCfg = Release|Any CPU
		{BE8D86A0-DEAE-4710-8F4E-D0F3209C4F9A}.Release|Any CPU.Build.0 = Release|Any CPU
		{A316EA36-E84B-4AEE-8B4D-3EC382B47274}.Debug|Any CPU.ActiveCfg = Debug|Any CPU
		{A316EA36-E84B-4AEE-8B4D-3EC382B47274}.Debug|Any CPU.Build.0 = Debug|Any CPU
		{A316EA36-E84B-4AEE-8B4D-3EC382B47274}.Release|Any CPU.ActiveCfg = Release|Any CPU
		{A316EA36-E84B-4AEE-8B4D-3EC382B47274}.Release|Any CPU.Build.0 = Release|Any CPU
		{147AD3F6-27B2-499A-BA4E-284174F05A84}.Debug|Any CPU.ActiveCfg = Debug|Any CPU
		{147AD3F6-27B2-499A-BA4E-284174F05A84}.Debug|Any CPU.Build.0 = Debug|Any CPU
		{147AD3F6-27B2-499A-BA4E-284174F05A84}.Release|Any CPU.ActiveCfg = Release|Any CPU
		{147AD3F6-27B2-499A-BA4E-284174F05A84}.Release|Any CPU.Build.0 = Release|Any CPU
		{2AD7B840-1DAA-4904-8988-2D635A3749E0}.Debug|Any CPU.ActiveCfg = Debug|Any CPU
		{2AD7B840-1DAA-4904-8988-2D635A3749E0}.Debug|Any CPU.Build.0 = Debug|Any CPU
		{2AD7B840-1DAA-4904-8988-2D635A3749E0}.Release|Any CPU.ActiveCfg = Release|Any CPU
		{2AD7B840-1DAA-4904-8988-2D635A3749E0}.Release|Any CPU.Build.0 = Release|Any CPU
		{701A39B6-4C1D-4C7F-9EC2-33E5E1A0A3D3}.Debug|Any CPU.ActiveCfg = Debug|Any CPU
		{701A39B6-4C1D-4C7F-9EC2-33E5E1A0A3D3}.Debug|Any CPU.Build.0 = Debug|Any CPU
		{701A39B6-4C1D-4C7F-9EC2-33E5E1A0A3D3}.Release|Any CPU.ActiveCfg = Release|Any CPU
		{701A39B6-4C1D-4C7F-9EC2-33E5E1A0A3D3}.Release|Any CPU.Build.0 = Release|Any CPU
	EndGlobalSection
	GlobalSection(SolutionProperties) = preSolution
		HideSolutionNode = FALSE
	EndGlobalSection
	GlobalSection(NestedProjects) = preSolution
		{58AA686A-D501-43AE-8E15-E602C008E8AE} = {B8D6CAD9-7FCF-4E68-BE02-6CEF3678890B}
		{CBB497D8-764B-4B16-A1E4-CB7D8AF91967} = {B8D6CAD9-7FCF-4E68-BE02-6CEF3678890B}
		{2AC1177A-51A2-44E6-9A05-7A837EBEE278} = {B8D6CAD9-7FCF-4E68-BE02-6CEF3678890B}
		{755C52EC-B6B7-4237-BC86-49E4650EC208} = {21869265-7822-4A8C-A525-65C8DEF01656}
		{1BCA2F15-7B99-4D0D-A32B-099C311CFE45} = {21869265-7822-4A8C-A525-65C8DEF01656}
		{ACD83F50-5724-49D1-8608-05EAAAE52663} = {21869265-7822-4A8C-A525-65C8DEF01656}
		{8431618E-D377-4048-B0CF-AF36CFDC629D} = {4C9E55BC-6DDA-4D4E-959B-F3883875F533}
		{F0A7704C-1105-4FFF-B4D7-F0B909270449} = {4C9E55BC-6DDA-4D4E-959B-F3883875F533}
		{E17ADF92-EED0-4AFA-857A-4F7FD5EB9A87} = {4C9E55BC-6DDA-4D4E-959B-F3883875F533}
		{A021DC4F-D1D8-4AF9-95F6-4C74BB54A69B} = {F480B766-E5D4-4652-9A00-E965DD0389E4}
		{91F6202D-DD4D-4B8A-8550-32EA0967A64A} = {F480B766-E5D4-4652-9A00-E965DD0389E4}
		{773D9502-7620-4EF3-945D-A6F3B03067A8} = {F480B766-E5D4-4652-9A00-E965DD0389E4}
		{57CE3D0B-991A-4D79-AFBC-AF85D6C222B0} = {82D0FE0E-5B9D-4DC8-86F4-5D0B2D12FB21}
		{70A4CF8A-DFEE-4FC0-9020-36A92DB29FE0} = {82D0FE0E-5B9D-4DC8-86F4-5D0B2D12FB21}
		{65CDA839-3AF1-4AC2-844E-0647E0281CAA} = {82D0FE0E-5B9D-4DC8-86F4-5D0B2D12FB21}
		{BB026066-D86D-43A0-A8A0-F5FA7F9BDCB9} = {8359789E-C192-41B3-A3CB-7BD1DAED5730}
		{0E75115E-E044-4ACE-AF1C-493854CC8FB2} = {8359789E-C192-41B3-A3CB-7BD1DAED5730}
		{60C7F075-3F43-427F-8277-77F0C83C5B6A} = {8359789E-C192-41B3-A3CB-7BD1DAED5730}
		{3D2CA4DD-4CEE-42E4-A852-BA96380446D9} = {2E253234-890B-4303-BF58-991F6B7536B1}
		{BE8D86A0-DEAE-4710-8F4E-D0F3209C4F9A} = {2E253234-890B-4303-BF58-991F6B7536B1}
		{A316EA36-E84B-4AEE-8B4D-3EC382B47274} = {2E253234-890B-4303-BF58-991F6B7536B1}
		{147AD3F6-27B2-499A-BA4E-284174F05A84} = {C46FDD3C-C81F-484B-817E-74921F5DC223}
		{2AD7B840-1DAA-4904-8988-2D635A3749E0} = {C46FDD3C-C81F-484B-817E-74921F5DC223}
		{701A39B6-4C1D-4C7F-9EC2-33E5E1A0A3D3} = {C46FDD3C-C81F-484B-817E-74921F5DC223}
	EndGlobalSection
	GlobalSection(ExtensibilityGlobals) = postSolution
		SolutionGuid = {3C791981-3577-4E6F-BEF6-0A1AB282B7D1}
	EndGlobalSection
EndGlobal
